// !$*UTF8*$!
{
	archiveVersion = 1;
	classes = {
	};
	objectVersion = 56;
	objects = {

/* Begin PBXBuildFile section */
		D4973F02295AFF0D0057B552 /* log.cpp in Sources */ = {isa = PBXBuildFile; fileRef = D4973F00295AFF0D0057B552 /* log.cpp */; };
		D4973F06295AFF360057B552 /* FirebaseAnalytics.cpp in Sources */ = {isa = PBXBuildFile; fileRef = D4973F05295AFF360057B552 /* FirebaseAnalytics.cpp */; };
/* End PBXBuildFile section */

/* Begin PBXCopyFilesBuildPhase section */
		D4973EF2295AFEE70057B552 /* CopyFiles */ = {
			isa = PBXCopyFilesBuildPhase;
			buildActionMask = 2147483647;
			dstPath = "include/$(PRODUCT_NAME)";
			dstSubfolderSpec = 16;
			files = (
			);
			runOnlyForDeploymentPostprocessing = 0;
		};
/* End PBXCopyFilesBuildPhase section */

/* Begin PBXFileReference section */
		D4973EF4295AFEE70057B552 /* liblogging.a */ = {isa = PBXFileReference; explicitFileType = archive.ar; includeInIndex = 0; path = liblogging.a; sourceTree = BUILT_PRODUCTS_DIR; };
		D4973F00295AFF0D0057B552 /* log.cpp */ = {isa = PBXFileReference; fileEncoding = 4; lastKnownFileType = sourcecode.cpp.cpp; name = log.cpp; path = ../../../logging/log.cpp; sourceTree = "<group>"; };
		D4973F01295AFF0D0057B552 /* log.h */ = {isa = PBXFileReference; fileEncoding = 4; lastKnownFileType = sourcecode.c.h; name = log.h; path = ../../../logging/log.h; sourceTree = "<group>"; };
		D4973F04295AFF360057B552 /* FirebaseAnalytics.h */ = {isa = PBXFileReference; fileEncoding = 4; lastKnownFileType = sourcecode.c.h; name = FirebaseAnalytics.h; path = ../../../FirebaseAnalytics.h; sourceTree = "<group>"; };
		D4973F05295AFF360057B552 /* FirebaseAnalytics.cpp */ = {isa = PBXFileReference; fileEncoding = 4; lastKnownFileType = sourcecode.cpp.cpp; name = FirebaseAnalytics.cpp; path = ../../../FirebaseAnalytics.cpp; sourceTree = "<group>"; };
		D4973F14295AFFFF0057B552 /* platform_config.h */ = {isa = PBXFileReference; fileEncoding = 4; lastKnownFileType = sourcecode.c.h; name = platform_config.h; path = ../../logging/platform_config.h; sourceTree = "<group>"; };
		D4973F1B295B00AF0057B552 /* FirebaseAnalytics.xcframework */ = {isa = PBXFileReference; lastKnownFileType = wrapper.xcframework; name = FirebaseAnalytics.xcframework; path = "../../../build/jsb-default/frameworks/runtime-src/proj.ios_mac/Pods/FirebaseAnalytics/Frameworks/FirebaseAnalytics.xcframework"; sourceTree = "<group>"; };
/* End PBXFileReference section */

/* Begin PBXFrameworksBuildPhase section */
		D4973EF1295AFEE70057B552 /* Frameworks */ = {
			isa = PBXFrameworksBuildPhase;
			buildActionMask = 2147483647;
			files = (
			);
			runOnlyForDeploymentPostprocessing = 0;
		};
/* End PBXFrameworksBuildPhase section */

/* Begin PBXGroup section */
		D4973EEB295AFEE70057B552 = {
			isa = PBXGroup;
			children = (
				D4973F14295AFFFF0057B552 /* platform_config.h */,
				D4973F03295AFF290057B552 /* analytics */,
				D4973EF6295AFEE70057B552 /* logging */,
				D4973EF5295AFEE70057B552 /* Products */,
				D4973F1A295B00AF0057B552 /* Frameworks */,
			);
			sourceTree = "<group>";
		};
		D4973EF5295AFEE70057B552 /* Products */ = {
			isa = PBXGroup;
			children = (
				D4973EF4295AFEE70057B552 /* liblogging.a */,
			);
			name = Products;
			sourceTree = "<group>";
		};
		D4973EF6295AFEE70057B552 /* logging */ = {
			isa = PBXGroup;
			children = (
				D4973F00295AFF0D0057B552 /* log.cpp */,
				D4973F01295AFF0D0057B552 /* log.h */,
			);
			path = logging;
			sourceTree = "<group>";
		};
		D4973F03295AFF290057B552 /* analytics */ = {
			isa = PBXGroup;
			children = (
				D4973F05295AFF360057B552 /* FirebaseAnalytics.cpp */,
				D4973F04295AFF360057B552 /* FirebaseAnalytics.h */,
			);
			path = analytics;
			sourceTree = "<group>";
		};
		D4973F1A295B00AF0057B552 /* Frameworks */ = {
			isa = PBXGroup;
			children = (
				D4973F1B295B00AF0057B552 /* FirebaseAnalytics.xcframework */,
			);
			name = Frameworks;
			sourceTree = "<group>";
		};
/* End PBXGroup section */

/* Begin PBXNativeTarget section */
		D4973EF3295AFEE70057B552 /* logging */ = {
			isa = PBXNativeTarget;
			buildConfigurationList = D4973EFD295AFEE70057B552 /* Build configuration list for PBXNativeTarget "logging" */;
			buildPhases = (
				D4973EF0295AFEE70057B552 /* Sources */,
				D4973EF1295AFEE70057B552 /* Frameworks */,
				D4973EF2295AFEE70057B552 /* CopyFiles */,
			);
			buildRules = (
			);
			dependencies = (
			);
			name = logging;
			productName = logging;
			productReference = D4973EF4295AFEE70057B552 /* liblogging.a */;
			productType = "com.apple.product-type.library.static";
		};
/* End PBXNativeTarget section */

/* Begin PBXProject section */
		D4973EEC295AFEE70057B552 /* Project object */ = {
			isa = PBXProject;
			attributes = {
				BuildIndependentTargetsInParallel = 1;
				LastUpgradeCheck = 1420;
				TargetAttributes = {
					D4973EF3295AFEE70057B552 = {
						CreatedOnToolsVersion = 14.2;
					};
				};
			};
			buildConfigurationList = D4973EEF295AFEE70057B552 /* Build configuration list for PBXProject "logging" */;
			compatibilityVersion = "Xcode 14.0";
			developmentRegion = en;
			hasScannedForEncodings = 0;
			knownRegions = (
				en,
				Base,
			);
			mainGroup = D4973EEB295AFEE70057B552;
			productRefGroup = D4973EF5295AFEE70057B552 /* Products */;
			projectDirPath = "";
			projectRoot = "";
			targets = (
				D4973EF3295AFEE70057B552 /* logging */,
			);
		};
/* End PBXProject section */

/* Begin PBXSourcesBuildPhase section */
		D4973EF0295AFEE70057B552 /* Sources */ = {
			isa = PBXSourcesBuildPhase;
			buildActionMask = 2147483647;
			files = (
				D4973F02295AFF0D0057B552 /* log.cpp in Sources */,
				D4973F06295AFF360057B552 /* FirebaseAnalytics.cpp in Sources */,
			);
			runOnlyForDeploymentPostprocessing = 0;
		};
/* End PBXSourcesBuildPhase section */

/* Begin XCBuildConfiguration section */
		D4973EFB295AFEE70057B552 /* Debug */ = {
			isa = XCBuildConfiguration;
			buildSettings = {
				ALWAYS_SEARCH_USER_PATHS = NO;
				CLANG_ANALYZER_NONNULL = YES;
				CLANG_ANALYZER_NUMBER_OBJECT_CONVERSION = YES_AGGRESSIVE;
				CLANG_CXX_LANGUAGE_STANDARD = "gnu++20";
				CLANG_ENABLE_MODULES = YES;
				CLANG_ENABLE_OBJC_ARC = YES;
				CLANG_ENABLE_OBJC_WEAK = YES;
				CLANG_WARN_BLOCK_CAPTURE_AUTORELEASING = YES;
				CLANG_WARN_BOOL_CONVERSION = YES;
				CLANG_WARN_COMMA = YES;
				CLANG_WARN_CONSTANT_CONVERSION = YES;
				CLANG_WARN_DEPRECATED_OBJC_IMPLEMENTATIONS = YES;
				CLANG_WARN_DIRECT_OBJC_ISA_USAGE = YES_ERROR;
				CLANG_WARN_DOCUMENTATION_COMMENTS = YES;
				CLANG_WARN_EMPTY_BODY = YES;
				CLANG_WARN_ENUM_CONVERSION = YES;
				CLANG_WARN_INFINITE_RECURSION = YES;
				CLANG_WARN_INT_CONVERSION = YES;
				CLANG_WARN_NON_LITERAL_NULL_CONVERSION = YES;
				CLANG_WARN_OBJC_IMPLICIT_RETAIN_SELF = YES;
				CLANG_WARN_OBJC_LITERAL_CONVERSION = YES;
				CLANG_WARN_OBJC_ROOT_CLASS = YES_ERROR;
				CLANG_WARN_QUOTED_INCLUDE_IN_FRAMEWORK_HEADER = YES;
				CLANG_WARN_RANGE_LOOP_ANALYSIS = YES;
				CLANG_WARN_STRICT_PROTOTYPES = YES;
				CLANG_WARN_SUSPICIOUS_MOVE = YES;
				CLANG_WARN_UNGUARDED_AVAILABILITY = YES_AGGRESSIVE;
				CLANG_WARN_UNREACHABLE_CODE = YES;
				CLANG_WARN__DUPLICATE_METHOD_MATCH = YES;
				COPY_PHASE_STRIP = NO;
				DEBUG_INFORMATION_FORMAT = dwarf;
				ENABLE_STRICT_OBJC_MSGSEND = YES;
				ENABLE_TESTABILITY = YES;
				GCC_C_LANGUAGE_STANDARD = gnu11;
				GCC_DYNAMIC_NO_PIC = NO;
				GCC_NO_COMMON_BLOCKS = YES;
				GCC_OPTIMIZATION_LEVEL = 0;
				GCC_PREPROCESSOR_DEFINITIONS = (
					"DEBUG=1",
					"$(inherited)",
				);
				GCC_WARN_64_TO_32_BIT_CONVERSION = YES;
				GCC_WARN_ABOUT_RETURN_TYPE = YES_ERROR;
				GCC_WARN_UNDECLARED_SELECTOR = YES;
				GCC_WARN_UNINITIALIZED_AUTOS = YES_AGGRESSIVE;
				GCC_WARN_UNUSED_FUNCTION = YES;
				GCC_WARN_UNUSED_VARIABLE = YES;
				IPHONEOS_DEPLOYMENT_TARGET = 16.2;
				MTL_ENABLE_DEBUG_INFO = INCLUDE_SOURCE;
				MTL_FAST_MATH = YES;
				ONLY_ACTIVE_ARCH = YES;
				SDKROOT = iphoneos;
				USER_HEADER_SEARCH_PATHS = (
					"$(inherited)",
					"$(SRCROOT)/../../../cpp/libs/firebase_sdk/include",
				);
			};
			name = Debug;
		};
		D4973EFC295AFEE70057B552 /* Release */ = {
			isa = XCBuildConfiguration;
			buildSettings = {
				ALWAYS_SEARCH_USER_PATHS = NO;
				CLANG_ANALYZER_NONNULL = YES;
				CLANG_ANALYZER_NUMBER_OBJECT_CONVERSION = YES_AGGRESSIVE;
				CLANG_CXX_LANGUAGE_STANDARD = "gnu++20";
				CLANG_ENABLE_MODULES = YES;
				CLANG_ENABLE_OBJC_ARC = YES;
				CLANG_ENABLE_OBJC_WEAK = YES;
				CLANG_WARN_BLOCK_CAPTURE_AUTORELEASING = YES;
				CLANG_WARN_BOOL_CONVERSION = YES;
				CLANG_WARN_COMMA = YES;
				CLANG_WARN_CONSTANT_CONVERSION = YES;
				CLANG_WARN_DEPRECATED_OBJC_IMPLEMENTATIONS = YES;
				CLANG_WARN_DIRECT_OBJC_ISA_USAGE = YES_ERROR;
				CLANG_WARN_DOCUMENTATION_COMMENTS = YES;
				CLANG_WARN_EMPTY_BODY = YES;
				CLANG_WARN_ENUM_CONVERSION = YES;
				CLANG_WARN_INFINITE_RECURSION = YES;
				CLANG_WARN_INT_CONVERSION = YES;
				CLANG_WARN_NON_LITERAL_NULL_CONVERSION = YES;
				CLANG_WARN_OBJC_IMPLICIT_RETAIN_SELF = YES;
				CLANG_WARN_OBJC_LITERAL_CONVERSION = YES;
				CLANG_WARN_OBJC_ROOT_CLASS = YES_ERROR;
				CLANG_WARN_QUOTED_INCLUDE_IN_FRAMEWORK_HEADER = YES;
				CLANG_WARN_RANGE_LOOP_ANALYSIS = YES;
				CLANG_WARN_STRICT_PROTOTYPES = YES;
				CLANG_WARN_SUSPICIOUS_MOVE = YES;
				CLANG_WARN_UNGUARDED_AVAILABILITY = YES_AGGRESSIVE;
				CLANG_WARN_UNREACHABLE_CODE = YES;
				CLANG_WARN__DUPLICATE_METHOD_MATCH = YES;
				COPY_PHASE_STRIP = NO;
				DEBUG_INFORMATION_FORMAT = "dwarf-with-dsym";
				ENABLE_NS_ASSERTIONS = NO;
				ENABLE_STRICT_OBJC_MSGSEND = YES;
				GCC_C_LANGUAGE_STANDARD = gnu11;
				GCC_NO_COMMON_BLOCKS = YES;
				GCC_WARN_64_TO_32_BIT_CONVERSION = YES;
				GCC_WARN_ABOUT_RETURN_TYPE = YES_ERROR;
				GCC_WARN_UNDECLARED_SELECTOR = YES;
				GCC_WARN_UNINITIALIZED_AUTOS = YES_AGGRESSIVE;
				GCC_WARN_UNUSED_FUNCTION = YES;
				GCC_WARN_UNUSED_VARIABLE = YES;
				IPHONEOS_DEPLOYMENT_TARGET = 16.2;
				MTL_ENABLE_DEBUG_INFO = NO;
				MTL_FAST_MATH = YES;
				SDKROOT = iphoneos;
				USER_HEADER_SEARCH_PATHS = (
					"$(inherited)",
					"$(SRCROOT)/../../../cpp/libs/firebase_sdk/include",
				);
				VALIDATE_PRODUCT = YES;
			};
			name = Release;
		};
		D4973EFE295AFEE70057B552 /* Debug */ = {
			isa = XCBuildConfiguration;
			buildSettings = {
				CODE_SIGN_STYLE = Automatic;
				DEVELOPMENT_TEAM = 7P73XJ9SWP;
				OTHER_LDFLAGS = "-ObjC";
				PRODUCT_NAME = "$(TARGET_NAME)";
				SKIP_INSTALL = YES;
				TARGETED_DEVICE_FAMILY = "1,2";
				USER_HEADER_SEARCH_PATHS = (
					"$(inherited)",
					"$(SRCROOT)/../..",
				);
			};
			name = Debug;
		};
		D4973EFF295AFEE70057B552 /* Release */ = {
			isa = XCBuildConfiguration;
			buildSettings = {
				CODE_SIGN_STYLE = Automatic;
				DEVELOPMENT_TEAM = 7P73XJ9SWP;
				OTHER_LDFLAGS = "-ObjC";
				PRODUCT_NAME = "$(TARGET_NAME)";
				SKIP_INSTALL = YES;
				TARGETED_DEVICE_FAMILY = "1,2";
				USER_HEADER_SEARCH_PATHS = (
					"$(inherited)",
					"$(SRCROOT)/../..",
				);
			};
			name = Release;
		};
/* End XCBuildConfiguration section */

/* Begin XCConfigurationList section */
		D4973EEF295AFEE70057B552 /* Build configuration list for PBXProject "logging" */ = {
			isa = XCConfigurationList;
			buildConfigurations = (
				D4973EFB295AFEE70057B552 /* Debug */,
				D4973EFC295AFEE70057B552 /* Release */,
			);
			defaultConfigurationIsVisible = 0;
			defaultConfigurationName = Release;
		};
		D4973EFD295AFEE70057B552 /* Build configuration list for PBXNativeTarget "logging" */ = {
			isa = XCConfigurationList;
			buildConfigurations = (
				D4973EFE295AFEE70057B552 /* Debug */,
				D4973EFF295AFEE70057B552 /* Release */,
			);
			defaultConfigurationIsVisible = 0;
			defaultConfigurationName = Release;
		};
/* End XCConfigurationList section */
	};
	rootObject = D4973EEC295AFEE70057B552 /* Project object */;
}
